// !$*UTF8*$!
{
	archiveVersion = 1;
	classes = {
	};
	objectVersion = 56;
	objects = {

/* Begin PBXBuildFile section */
		447F64362A6ABCC800F64F29 /* ProductsCoreData.swift in Sources */ = {isa = PBXBuildFile; fileRef = 447F64352A6ABCC800F64F29 /* ProductsCoreData.swift */; };
		448532EA2A6A221D00435239 /* ProductDetailsViewModel.swift in Sources */ = {isa = PBXBuildFile; fileRef = 448532E92A6A221D00435239 /* ProductDetailsViewModel.swift */; };
		44862F282A6AEF1400509C6E /* CheckNetwork.swift in Sources */ = {isa = PBXBuildFile; fileRef = 44862F272A6AEF1400509C6E /* CheckNetwork.swift */; };
		44B0A3162A68416C00BC1FAF /* AppDelegate.swift in Sources */ = {isa = PBXBuildFile; fileRef = 44B0A3152A68416C00BC1FAF /* AppDelegate.swift */; };
		44B0A3182A68416C00BC1FAF /* SceneDelegate.swift in Sources */ = {isa = PBXBuildFile; fileRef = 44B0A3172A68416C00BC1FAF /* SceneDelegate.swift */; };
		44B0A31D2A68416C00BC1FAF /* Main.storyboard in Resources */ = {isa = PBXBuildFile; fileRef = 44B0A31B2A68416C00BC1FAF /* Main.storyboard */; };
		44B0A3202A68416C00BC1FAF /* Product_Viewer.xcdatamodeld in Sources */ = {isa = PBXBuildFile; fileRef = 44B0A31E2A68416C00BC1FAF /* Product_Viewer.xcdatamodeld */; };
		44B0A3222A68416E00BC1FAF /* Assets.xcassets in Resources */ = {isa = PBXBuildFile; fileRef = 44B0A3212A68416E00BC1FAF /* Assets.xcassets */; };
		44B0A3252A68416E00BC1FAF /* LaunchScreen.storyboard in Resources */ = {isa = PBXBuildFile; fileRef = 44B0A3232A68416E00BC1FAF /* LaunchScreen.storyboard */; };
		44B0A3302A68416F00BC1FAF /* Product_ViewerTests.swift in Sources */ = {isa = PBXBuildFile; fileRef = 44B0A32F2A68416F00BC1FAF /* Product_ViewerTests.swift */; };
		44B0A33A2A68416F00BC1FAF /* Product_ViewerUITests.swift in Sources */ = {isa = PBXBuildFile; fileRef = 44B0A3392A68416F00BC1FAF /* Product_ViewerUITests.swift */; };
		44B0A33C2A68416F00BC1FAF /* Product_ViewerUITestsLaunchTests.swift in Sources */ = {isa = PBXBuildFile; fileRef = 44B0A33B2A68416F00BC1FAF /* Product_ViewerUITestsLaunchTests.swift */; };
		44B0A34E2A68455500BC1FAF /* ProductCellTableViewCell.swift in Sources */ = {isa = PBXBuildFile; fileRef = 44B0A34C2A68455500BC1FAF /* ProductCellTableViewCell.swift */; };
		44B0A34F2A68455500BC1FAF /* ProductCellTableViewCell.xib in Resources */ = {isa = PBXBuildFile; fileRef = 44B0A34D2A68455500BC1FAF /* ProductCellTableViewCell.xib */; };
		44B0A3512A684AF200BC1FAF /* Product.swift in Sources */ = {isa = PBXBuildFile; fileRef = 44B0A3502A684AF200BC1FAF /* Product.swift */; };
		44B0A3532A684D0600BC1FAF /* NetworkService.swift in Sources */ = {isa = PBXBuildFile; fileRef = 44B0A3522A684D0600BC1FAF /* NetworkService.swift */; };
		44B0A3552A684DA300BC1FAF /* ProductsViewModel.swift in Sources */ = {isa = PBXBuildFile; fileRef = 44B0A3542A684DA300BC1FAF /* ProductsViewModel.swift */; };
		44C0971B2A6998C700AD139D /* ProductDetailsViewController.swift in Sources */ = {isa = PBXBuildFile; fileRef = 44C0971A2A6998C700AD139D /* ProductDetailsViewController.swift */; };
		44C90D432A6CBA9800E283ED /* ProductsViewController.swift in Sources */ = {isa = PBXBuildFile; fileRef = 44C90D422A6CBA9800E283ED /* ProductsViewController.swift */; };
		860298CC479BAD578B8DBC61 /* Pods_Product_Viewer.framework in Frameworks */ = {isa = PBXBuildFile; fileRef = 4A86997898548687123FD7FC /* Pods_Product_Viewer.framework */; };
		BA1766BD24595D304643A4B5 /* Pods_Product_ViewerTests.framework in Frameworks */ = {isa = PBXBuildFile; fileRef = EC2766CABDBE7FD67E4BC1CE /* Pods_Product_ViewerTests.framework */; };
		D719B9FD2C1FFADE27B81901 /* Pods_Product_Viewer_Product_ViewerUITests.framework in Frameworks */ = {isa = PBXBuildFile; fileRef = BF101873DD5E903F0ADF2A44 /* Pods_Product_Viewer_Product_ViewerUITests.framework */; };
/* End PBXBuildFile section */

/* Begin PBXContainerItemProxy section */
		44B0A32C2A68416F00BC1FAF /* PBXContainerItemProxy */ = {
			isa = PBXContainerItemProxy;
			containerPortal = 44B0A30A2A68416C00BC1FAF /* Project object */;
			proxyType = 1;
			remoteGlobalIDString = 44B0A3112A68416C00BC1FAF;
			remoteInfo = "Product Viewer";
		};
		44B0A3362A68416F00BC1FAF /* PBXContainerItemProxy */ = {
			isa = PBXContainerItemProxy;
			containerPortal = 44B0A30A2A68416C00BC1FAF /* Project object */;
			proxyType = 1;
			remoteGlobalIDString = 44B0A3112A68416C00BC1FAF;
			remoteInfo = "Product Viewer";
		};
/* End PBXContainerItemProxy section */

/* Begin PBXFileReference section */
		2E983D8B8034A7BB0AAC5337 /* Pods-Product Viewer.debug.xcconfig */ = {isa = PBXFileReference; includeInIndex = 1; lastKnownFileType = text.xcconfig; name = "Pods-Product Viewer.debug.xcconfig"; path = "Target Support Files/Pods-Product Viewer/Pods-Product Viewer.debug.xcconfig"; sourceTree = "<group>"; };
		35ED8282125966F3EFF2414D /* Pods-Product Viewer.release.xcconfig */ = {isa = PBXFileReference; includeInIndex = 1; lastKnownFileType = text.xcconfig; name = "Pods-Product Viewer.release.xcconfig"; path = "Target Support Files/Pods-Product Viewer/Pods-Product Viewer.release.xcconfig"; sourceTree = "<group>"; };
		447F64352A6ABCC800F64F29 /* ProductsCoreData.swift */ = {isa = PBXFileReference; lastKnownFileType = sourcecode.swift; path = ProductsCoreData.swift; sourceTree = "<group>"; };
		448532E92A6A221D00435239 /* ProductDetailsViewModel.swift */ = {isa = PBXFileReference; lastKnownFileType = sourcecode.swift; path = ProductDetailsViewModel.swift; sourceTree = "<group>"; };
		44862F272A6AEF1400509C6E /* CheckNetwork.swift */ = {isa = PBXFileReference; lastKnownFileType = sourcecode.swift; path = CheckNetwork.swift; sourceTree = "<group>"; };
		44B0A3122A68416C00BC1FAF /* Product Viewer.app */ = {isa = PBXFileReference; explicitFileType = wrapper.application; includeInIndex = 0; path = "Product Viewer.app"; sourceTree = BUILT_PRODUCTS_DIR; };
		44B0A3152A68416C00BC1FAF /* AppDelegate.swift */ = {isa = PBXFileReference; lastKnownFileType = sourcecode.swift; path = AppDelegate.swift; sourceTree = "<group>"; };
		44B0A3172A68416C00BC1FAF /* SceneDelegate.swift */ = {isa = PBXFileReference; lastKnownFileType = sourcecode.swift; path = SceneDelegate.swift; sourceTree = "<group>"; };
		44B0A31C2A68416C00BC1FAF /* Base */ = {isa = PBXFileReference; lastKnownFileType = file.storyboard; name = Base; path = Base.lproj/Main.storyboard; sourceTree = "<group>"; };
		44B0A31F2A68416C00BC1FAF /* Product_Viewer.xcdatamodel */ = {isa = PBXFileReference; lastKnownFileType = wrapper.xcdatamodel; path = Product_Viewer.xcdatamodel; sourceTree = "<group>"; };
		44B0A3212A68416E00BC1FAF /* Assets.xcassets */ = {isa = PBXFileReference; lastKnownFileType = folder.assetcatalog; path = Assets.xcassets; sourceTree = "<group>"; };
		44B0A3242A68416E00BC1FAF /* Base */ = {isa = PBXFileReference; lastKnownFileType = file.storyboard; name = Base; path = Base.lproj/LaunchScreen.storyboard; sourceTree = "<group>"; };
		44B0A3262A68416E00BC1FAF /* Info.plist */ = {isa = PBXFileReference; lastKnownFileType = text.plist.xml; path = Info.plist; sourceTree = "<group>"; };
		44B0A32B2A68416F00BC1FAF /* Product ViewerTests.xctest */ = {isa = PBXFileReference; explicitFileType = wrapper.cfbundle; includeInIndex = 0; path = "Product ViewerTests.xctest"; sourceTree = BUILT_PRODUCTS_DIR; };
		44B0A32F2A68416F00BC1FAF /* Product_ViewerTests.swift */ = {isa = PBXFileReference; lastKnownFileType = sourcecode.swift; path = Product_ViewerTests.swift; sourceTree = "<group>"; };
		44B0A3352A68416F00BC1FAF /* Product ViewerUITests.xctest */ = {isa = PBXFileReference; explicitFileType = wrapper.cfbundle; includeInIndex = 0; path = "Product ViewerUITests.xctest"; sourceTree = BUILT_PRODUCTS_DIR; };
		44B0A3392A68416F00BC1FAF /* Product_ViewerUITests.swift */ = {isa = PBXFileReference; lastKnownFileType = sourcecode.swift; path = Product_ViewerUITests.swift; sourceTree = "<group>"; };
		44B0A33B2A68416F00BC1FAF /* Product_ViewerUITestsLaunchTests.swift */ = {isa = PBXFileReference; lastKnownFileType = sourcecode.swift; path = Product_ViewerUITestsLaunchTests.swift; sourceTree = "<group>"; };
		44B0A34C2A68455500BC1FAF /* ProductCellTableViewCell.swift */ = {isa = PBXFileReference; lastKnownFileType = sourcecode.swift; path = ProductCellTableViewCell.swift; sourceTree = "<group>"; };
		44B0A34D2A68455500BC1FAF /* ProductCellTableViewCell.xib */ = {isa = PBXFileReference; lastKnownFileType = file.xib; path = ProductCellTableViewCell.xib; sourceTree = "<group>"; };
		44B0A3502A684AF200BC1FAF /* Product.swift */ = {isa = PBXFileReference; lastKnownFileType = sourcecode.swift; path = Product.swift; sourceTree = "<group>"; };
		44B0A3522A684D0600BC1FAF /* NetworkService.swift */ = {isa = PBXFileReference; lastKnownFileType = sourcecode.swift; path = NetworkService.swift; sourceTree = "<group>"; };
		44B0A3542A684DA300BC1FAF /* ProductsViewModel.swift */ = {isa = PBXFileReference; lastKnownFileType = sourcecode.swift; path = ProductsViewModel.swift; sourceTree = "<group>"; };
		44C0971A2A6998C700AD139D /* ProductDetailsViewController.swift */ = {isa = PBXFileReference; lastKnownFileType = sourcecode.swift; path = ProductDetailsViewController.swift; sourceTree = "<group>"; };
		44C90D422A6CBA9800E283ED /* ProductsViewController.swift */ = {isa = PBXFileReference; lastKnownFileType = sourcecode.swift; path = ProductsViewController.swift; sourceTree = "<group>"; };
		4A86997898548687123FD7FC /* Pods_Product_Viewer.framework */ = {isa = PBXFileReference; explicitFileType = wrapper.framework; includeInIndex = 0; path = Pods_Product_Viewer.framework; sourceTree = BUILT_PRODUCTS_DIR; };
		72CD1DA5FE3685DA48B0896D /* Pods-Product ViewerTests.release.xcconfig */ = {isa = PBXFileReference; includeInIndex = 1; lastKnownFileType = text.xcconfig; name = "Pods-Product ViewerTests.release.xcconfig"; path = "Target Support Files/Pods-Product ViewerTests/Pods-Product ViewerTests.release.xcconfig"; sourceTree = "<group>"; };
		84E0D6AC95D77F78954CDD7D /* Pods-Product Viewer-Product ViewerUITests.release.xcconfig */ = {isa = PBXFileReference; includeInIndex = 1; lastKnownFileType = text.xcconfig; name = "Pods-Product Viewer-Product ViewerUITests.release.xcconfig"; path = "Target Support Files/Pods-Product Viewer-Product ViewerUITests/Pods-Product Viewer-Product ViewerUITests.release.xcconfig"; sourceTree = "<group>"; };
		A2BD792A08001EC6573F74C3 /* Pods-Product ViewerTests.debug.xcconfig */ = {isa = PBXFileReference; includeInIndex = 1; lastKnownFileType = text.xcconfig; name = "Pods-Product ViewerTests.debug.xcconfig"; path = "Target Support Files/Pods-Product ViewerTests/Pods-Product ViewerTests.debug.xcconfig"; sourceTree = "<group>"; };
		BF101873DD5E903F0ADF2A44 /* Pods_Product_Viewer_Product_ViewerUITests.framework */ = {isa = PBXFileReference; explicitFileType = wrapper.framework; includeInIndex = 0; path = Pods_Product_Viewer_Product_ViewerUITests.framework; sourceTree = BUILT_PRODUCTS_DIR; };
		EC2766CABDBE7FD67E4BC1CE /* Pods_Product_ViewerTests.framework */ = {isa = PBXFileReference; explicitFileType = wrapper.framework; includeInIndex = 0; path = Pods_Product_ViewerTests.framework; sourceTree = BUILT_PRODUCTS_DIR; };
		F6A638E7FD7BCD01EFD71FDE /* Pods-Product Viewer-Product ViewerUITests.debug.xcconfig */ = {isa = PBXFileReference; includeInIndex = 1; lastKnownFileType = text.xcconfig; name = "Pods-Product Viewer-Product ViewerUITests.debug.xcconfig"; path = "Target Support Files/Pods-Product Viewer-Product ViewerUITests/Pods-Product Viewer-Product ViewerUITests.debug.xcconfig"; sourceTree = "<group>"; };
/* End PBXFileReference section */

/* Begin PBXFrameworksBuildPhase section */
		44B0A30F2A68416C00BC1FAF /* Frameworks */ = {
			isa = PBXFrameworksBuildPhase;
			buildActionMask = 2147483647;
			files = (
				860298CC479BAD578B8DBC61 /* Pods_Product_Viewer.framework in Frameworks */,
			);
			runOnlyForDeploymentPostprocessing = 0;
		};
		44B0A3282A68416F00BC1FAF /* Frameworks */ = {
			isa = PBXFrameworksBuildPhase;
			buildActionMask = 2147483647;
			files = (
				BA1766BD24595D304643A4B5 /* Pods_Product_ViewerTests.framework in Frameworks */,
			);
			runOnlyForDeploymentPostprocessing = 0;
		};
		44B0A3322A68416F00BC1FAF /* Frameworks */ = {
			isa = PBXFrameworksBuildPhase;
			buildActionMask = 2147483647;
			files = (
				D719B9FD2C1FFADE27B81901 /* Pods_Product_Viewer_Product_ViewerUITests.framework in Frameworks */,
			);
			runOnlyForDeploymentPostprocessing = 0;
		};
/* End PBXFrameworksBuildPhase section */

/* Begin PBXGroup section */
		447B42E52A6B7CBC00071E8D /* Utilities */ = {
			isa = PBXGroup;
			children = (
				44862F272A6AEF1400509C6E /* CheckNetwork.swift */,
			);
			path = Utilities;
			sourceTree = "<group>";
		};
		447F642B2A6ABA4200F64F29 /* Modules */ = {
			isa = PBXGroup;
			children = (
				447F642F2A6ABACE00F64F29 /* DetailsScreen */,
				447F642C2A6ABA4D00F64F29 /* MainScreen */,
			);
			path = Modules;
			sourceTree = "<group>";
		};
		447F642C2A6ABA4D00F64F29 /* MainScreen */ = {
			isa = PBXGroup;
			children = (
				447F642E2A6ABA7E00F64F29 /* ViewModel */,
				447F642D2A6ABA6400F64F29 /* View */,
			);
			path = MainScreen;
			sourceTree = "<group>";
		};
		447F642D2A6ABA6400F64F29 /* View */ = {
			isa = PBXGroup;
			children = (
				44B0A34C2A68455500BC1FAF /* ProductCellTableViewCell.swift */,
				44B0A34D2A68455500BC1FAF /* ProductCellTableViewCell.xib */,
				44C90D422A6CBA9800E283ED /* ProductsViewController.swift */,
			);
			path = View;
			sourceTree = "<group>";
		};
		447F642E2A6ABA7E00F64F29 /* ViewModel */ = {
			isa = PBXGroup;
			children = (
				44B0A3542A684DA300BC1FAF /* ProductsViewModel.swift */,
			);
			path = ViewModel;
			sourceTree = "<group>";
		};
		447F642F2A6ABACE00F64F29 /* DetailsScreen */ = {
			isa = PBXGroup;
			children = (
				447F64312A6ABAFE00F64F29 /* View */,
				447F64302A6ABAED00F64F29 /* ViewModel */,
			);
			path = DetailsScreen;
			sourceTree = "<group>";
		};
		447F64302A6ABAED00F64F29 /* ViewModel */ = {
			isa = PBXGroup;
			children = (
				448532E92A6A221D00435239 /* ProductDetailsViewModel.swift */,
			);
			path = ViewModel;
			sourceTree = "<group>";
		};
		447F64312A6ABAFE00F64F29 /* View */ = {
			isa = PBXGroup;
			children = (
				44C0971A2A6998C700AD139D /* ProductDetailsViewController.swift */,
			);
			path = View;
			sourceTree = "<group>";
		};
		447F64322A6ABB1E00F64F29 /* Model */ = {
			isa = PBXGroup;
			children = (
				44B0A3502A684AF200BC1FAF /* Product.swift */,
			);
			path = Model;
			sourceTree = "<group>";
		};
		447F64332A6ABB3400F64F29 /* Services */ = {
			isa = PBXGroup;
			children = (
				44B0A3522A684D0600BC1FAF /* NetworkService.swift */,
			);
			path = Services;
			sourceTree = "<group>";
		};
		447F64342A6ABCA500F64F29 /* CoreData */ = {
			isa = PBXGroup;
			children = (
				447F64352A6ABCC800F64F29 /* ProductsCoreData.swift */,
				44B0A31E2A68416C00BC1FAF /* Product_Viewer.xcdatamodeld */,
			);
			path = CoreData;
			sourceTree = "<group>";
		};
		44B0A3092A68416C00BC1FAF = {
			isa = PBXGroup;
			children = (
				44B0A3142A68416C00BC1FAF /* Product Viewer */,
				44B0A32E2A68416F00BC1FAF /* Product ViewerTests */,
				44B0A3382A68416F00BC1FAF /* Product ViewerUITests */,
				44B0A3132A68416C00BC1FAF /* Products */,
				86E30F15C45F604CFF504A1A /* Pods */,
				A6CA69E8A730C065DEB4A87A /* Frameworks */,
			);
			sourceTree = "<group>";
		};
		44B0A3132A68416C00BC1FAF /* Products */ = {
			isa = PBXGroup;
			children = (
				44B0A3122A68416C00BC1FAF /* Product Viewer.app */,
				44B0A32B2A68416F00BC1FAF /* Product ViewerTests.xctest */,
				44B0A3352A68416F00BC1FAF /* Product ViewerUITests.xctest */,
			);
			name = Products;
			sourceTree = "<group>";
		};
		44B0A3142A68416C00BC1FAF /* Product Viewer */ = {
			isa = PBXGroup;
			children = (
				447B42E52A6B7CBC00071E8D /* Utilities */,
				447F64342A6ABCA500F64F29 /* CoreData */,
				447F64332A6ABB3400F64F29 /* Services */,
				447F64322A6ABB1E00F64F29 /* Model */,
				447F642B2A6ABA4200F64F29 /* Modules */,
				44B0A3172A68416C00BC1FAF /* SceneDelegate.swift */,
				44B0A3152A68416C00BC1FAF /* AppDelegate.swift */,
				44B0A31B2A68416C00BC1FAF /* Main.storyboard */,
				44B0A3232A68416E00BC1FAF /* LaunchScreen.storyboard */,
				44B0A3212A68416E00BC1FAF /* Assets.xcassets */,
				44B0A3262A68416E00BC1FAF /* Info.plist */,
			);
			path = "Product Viewer";
			sourceTree = "<group>";
		};
		44B0A32E2A68416F00BC1FAF /* Product ViewerTests */ = {
			isa = PBXGroup;
			children = (
				44B0A32F2A68416F00BC1FAF /* Product_ViewerTests.swift */,
			);
			path = "Product ViewerTests";
			sourceTree = "<group>";
		};
		44B0A3382A68416F00BC1FAF /* Product ViewerUITests */ = {
			isa = PBXGroup;
			children = (
				44B0A3392A68416F00BC1FAF /* Product_ViewerUITests.swift */,
				44B0A33B2A68416F00BC1FAF /* Product_ViewerUITestsLaunchTests.swift */,
			);
			path = "Product ViewerUITests";
			sourceTree = "<group>";
		};
		86E30F15C45F604CFF504A1A /* Pods */ = {
			isa = PBXGroup;
			children = (
				2E983D8B8034A7BB0AAC5337 /* Pods-Product Viewer.debug.xcconfig */,
				35ED8282125966F3EFF2414D /* Pods-Product Viewer.release.xcconfig */,
				F6A638E7FD7BCD01EFD71FDE /* Pods-Product Viewer-Product ViewerUITests.debug.xcconfig */,
				84E0D6AC95D77F78954CDD7D /* Pods-Product Viewer-Product ViewerUITests.release.xcconfig */,
				A2BD792A08001EC6573F74C3 /* Pods-Product ViewerTests.debug.xcconfig */,
				72CD1DA5FE3685DA48B0896D /* Pods-Product ViewerTests.release.xcconfig */,
			);
			path = Pods;
			sourceTree = "<group>";
		};
		A6CA69E8A730C065DEB4A87A /* Frameworks */ = {
			isa = PBXGroup;
			children = (
				4A86997898548687123FD7FC /* Pods_Product_Viewer.framework */,
				BF101873DD5E903F0ADF2A44 /* Pods_Product_Viewer_Product_ViewerUITests.framework */,
				EC2766CABDBE7FD67E4BC1CE /* Pods_Product_ViewerTests.framework */,
			);
			name = Frameworks;
			sourceTree = "<group>";
		};
/* End PBXGroup section */

/* Begin PBXNativeTarget section */
		44B0A3112A68416C00BC1FAF /* Product Viewer */ = {
			isa = PBXNativeTarget;
			buildConfigurationList = 44B0A33F2A68416F00BC1FAF /* Build configuration list for PBXNativeTarget "Product Viewer" */;
			buildPhases = (
				C75494E42713155CF4623EC4 /* [CP] Check Pods Manifest.lock */,
				44B0A30E2A68416C00BC1FAF /* Sources */,
				44B0A30F2A68416C00BC1FAF /* Frameworks */,
				44B0A3102A68416C00BC1FAF /* Resources */,
				86075BCC913915F5826E3A51 /* [CP] Embed Pods Frameworks */,
			);
			buildRules = (
			);
			dependencies = (
			);
			name = "Product Viewer";
			productName = "Product Viewer";
			productReference = 44B0A3122A68416C00BC1FAF /* Product Viewer.app */;
			productType = "com.apple.product-type.application";
		};
		44B0A32A2A68416F00BC1FAF /* Product ViewerTests */ = {
			isa = PBXNativeTarget;
			buildConfigurationList = 44B0A3422A68416F00BC1FAF /* Build configuration list for PBXNativeTarget "Product ViewerTests" */;
			buildPhases = (
				D12C407DA296231ACE9D054B /* [CP] Check Pods Manifest.lock */,
				44B0A3272A68416F00BC1FAF /* Sources */,
				44B0A3282A68416F00BC1FAF /* Frameworks */,
				44B0A3292A68416F00BC1FAF /* Resources */,
			);
			buildRules = (
			);
			dependencies = (
				44B0A32D2A68416F00BC1FAF /* PBXTargetDependency */,
			);
			name = "Product ViewerTests";
			productName = "Product ViewerTests";
			productReference = 44B0A32B2A68416F00BC1FAF /* Product ViewerTests.xctest */;
			productType = "com.apple.product-type.bundle.unit-test";
		};
		44B0A3342A68416F00BC1FAF /* Product ViewerUITests */ = {
			isa = PBXNativeTarget;
			buildConfigurationList = 44B0A3452A68416F00BC1FAF /* Build configuration list for PBXNativeTarget "Product ViewerUITests" */;
			buildPhases = (
				699B0CFDF34B158F52870C26 /* [CP] Check Pods Manifest.lock */,
				44B0A3312A68416F00BC1FAF /* Sources */,
				44B0A3322A68416F00BC1FAF /* Frameworks */,
				44B0A3332A68416F00BC1FAF /* Resources */,
				611028DA0B97BE19AF9619BF /* [CP] Embed Pods Frameworks */,
			);
			buildRules = (
			);
			dependencies = (
				44B0A3372A68416F00BC1FAF /* PBXTargetDependency */,
			);
			name = "Product ViewerUITests";
			productName = "Product ViewerUITests";
			productReference = 44B0A3352A68416F00BC1FAF /* Product ViewerUITests.xctest */;
			productType = "com.apple.product-type.bundle.ui-testing";
		};
/* End PBXNativeTarget section */

/* Begin PBXProject section */
		44B0A30A2A68416C00BC1FAF /* Project object */ = {
			isa = PBXProject;
			attributes = {
				BuildIndependentTargetsInParallel = 1;
				LastSwiftUpdateCheck = 1430;
				LastUpgradeCheck = 1430;
				TargetAttributes = {
					44B0A3112A68416C00BC1FAF = {
						CreatedOnToolsVersion = 14.3;
					};
					44B0A32A2A68416F00BC1FAF = {
						CreatedOnToolsVersion = 14.3;
						TestTargetID = 44B0A3112A68416C00BC1FAF;
					};
					44B0A3342A68416F00BC1FAF = {
						CreatedOnToolsVersion = 14.3;
						TestTargetID = 44B0A3112A68416C00BC1FAF;
					};
				};
			};
			buildConfigurationList = 44B0A30D2A68416C00BC1FAF /* Build configuration list for PBXProject "Product Viewer" */;
			compatibilityVersion = "Xcode 14.0";
			developmentRegion = en;
			hasScannedForEncodings = 0;
			knownRegions = (
				en,
				Base,
			);
			mainGroup = 44B0A3092A68416C00BC1FAF;
			productRefGroup = 44B0A3132A68416C00BC1FAF /* Products */;
			projectDirPath = "";
			projectRoot = "";
			targets = (
				44B0A3112A68416C00BC1FAF /* Product Viewer */,
				44B0A32A2A68416F00BC1FAF /* Product ViewerTests */,
				44B0A3342A68416F00BC1FAF /* Product ViewerUITests */,
			);
		};
/* End PBXProject section */

/* Begin PBXResourcesBuildPhase section */
		44B0A3102A68416C00BC1FAF /* Resources */ = {
			isa = PBXResourcesBuildPhase;
			buildActionMask = 2147483647;
			files = (
				44B0A3252A68416E00BC1FAF /* LaunchScreen.storyboard in Resources */,
				44B0A34F2A68455500BC1FAF /* ProductCellTableViewCell.xib in Resources */,
				44B0A3222A68416E00BC1FAF /* Assets.xcassets in Resources */,
				44B0A31D2A68416C00BC1FAF /* Main.storyboard in Resources */,
			);
			runOnlyForDeploymentPostprocessing = 0;
		};
		44B0A3292A68416F00BC1FAF /* Resources */ = {
			isa = PBXResourcesBuildPhase;
			buildActionMask = 2147483647;
			files = (
			);
			runOnlyForDeploymentPostprocessing = 0;
		};
		44B0A3332A68416F00BC1FAF /* Resources */ = {
			isa = PBXResourcesBuildPhase;
			buildActionMask = 2147483647;
			files = (
			);
			runOnlyForDeploymentPostprocessing = 0;
		};
/* End PBXResourcesBuildPhase section */

/* Begin PBXShellScriptBuildPhase section */
		611028DA0B97BE19AF9619BF /* [CP] Embed Pods Frameworks */ = {
			isa = PBXShellScriptBuildPhase;
			buildActionMask = 2147483647;
			files = (
			);
			inputFileListPaths = (
				"${PODS_ROOT}/Target Support Files/Pods-Product Viewer-Product ViewerUITests/Pods-Product Viewer-Product ViewerUITests-frameworks-${CONFIGURATION}-input-files.xcfilelist",
			);
			name = "[CP] Embed Pods Frameworks";
			outputFileListPaths = (
				"${PODS_ROOT}/Target Support Files/Pods-Product Viewer-Product ViewerUITests/Pods-Product Viewer-Product ViewerUITests-frameworks-${CONFIGURATION}-output-files.xcfilelist",
			);
			runOnlyForDeploymentPostprocessing = 0;
			shellPath = /bin/sh;
			shellScript = "\"${PODS_ROOT}/Target Support Files/Pods-Product Viewer-Product ViewerUITests/Pods-Product Viewer-Product ViewerUITests-frameworks.sh\"\n";
			showEnvVarsInLog = 0;
		};
		699B0CFDF34B158F52870C26 /* [CP] Check Pods Manifest.lock */ = {
			isa = PBXShellScriptBuildPhase;
			buildActionMask = 2147483647;
			files = (
			);
			inputFileListPaths = (
			);
			inputPaths = (
				"${PODS_PODFILE_DIR_PATH}/Podfile.lock",
				"${PODS_ROOT}/Manifest.lock",
			);
			name = "[CP] Check Pods Manifest.lock";
			outputFileListPaths = (
			);
			outputPaths = (
				"$(DERIVED_FILE_DIR)/Pods-Product Viewer-Product ViewerUITests-checkManifestLockResult.txt",
			);
			runOnlyForDeploymentPostprocessing = 0;
			shellPath = /bin/sh;
			shellScript = "diff \"${PODS_PODFILE_DIR_PATH}/Podfile.lock\" \"${PODS_ROOT}/Manifest.lock\" > /dev/null\nif [ $? != 0 ] ; then\n    # print error to STDERR\n    echo \"error: The sandbox is not in sync with the Podfile.lock. Run 'pod install' or update your CocoaPods installation.\" >&2\n    exit 1\nfi\n# This output is used by Xcode 'outputs' to avoid re-running this script phase.\necho \"SUCCESS\" > \"${SCRIPT_OUTPUT_FILE_0}\"\n";
			showEnvVarsInLog = 0;
		};
		86075BCC913915F5826E3A51 /* [CP] Embed Pods Frameworks */ = {
			isa = PBXShellScriptBuildPhase;
			buildActionMask = 2147483647;
			files = (
			);
			inputFileListPaths = (
				"${PODS_ROOT}/Target Support Files/Pods-Product Viewer/Pods-Product Viewer-frameworks-${CONFIGURATION}-input-files.xcfilelist",
			);
			name = "[CP] Embed Pods Frameworks";
			outputFileListPaths = (
				"${PODS_ROOT}/Target Support Files/Pods-Product Viewer/Pods-Product Viewer-frameworks-${CONFIGURATION}-output-files.xcfilelist",
			);
			runOnlyForDeploymentPostprocessing = 0;
			shellPath = /bin/sh;
			shellScript = "\"${PODS_ROOT}/Target Support Files/Pods-Product Viewer/Pods-Product Viewer-frameworks.sh\"\n";
			showEnvVarsInLog = 0;
		};
		C75494E42713155CF4623EC4 /* [CP] Check Pods Manifest.lock */ = {
			isa = PBXShellScriptBuildPhase;
			buildActionMask = 2147483647;
			files = (
			);
			inputFileListPaths = (
			);
			inputPaths = (
				"${PODS_PODFILE_DIR_PATH}/Podfile.lock",
				"${PODS_ROOT}/Manifest.lock",
			);
			name = "[CP] Check Pods Manifest.lock";
			outputFileListPaths = (
			);
			outputPaths = (
				"$(DERIVED_FILE_DIR)/Pods-Product Viewer-checkManifestLockResult.txt",
			);
			runOnlyForDeploymentPostprocessing = 0;
			shellPath = /bin/sh;
			shellScript = "diff \"${PODS_PODFILE_DIR_PATH}/Podfile.lock\" \"${PODS_ROOT}/Manifest.lock\" > /dev/null\nif [ $? != 0 ] ; then\n    # print error to STDERR\n    echo \"error: The sandbox is not in sync with the Podfile.lock. Run 'pod install' or update your CocoaPods installation.\" >&2\n    exit 1\nfi\n# This output is used by Xcode 'outputs' to avoid re-running this script phase.\necho \"SUCCESS\" > \"${SCRIPT_OUTPUT_FILE_0}\"\n";
			showEnvVarsInLog = 0;
		};
		D12C407DA296231ACE9D054B /* [CP] Check Pods Manifest.lock */ = {
			isa = PBXShellScriptBuildPhase;
			buildActionMask = 2147483647;
			files = (
			);
			inputFileListPaths = (
			);
			inputPaths = (
				"${PODS_PODFILE_DIR_PATH}/Podfile.lock",
				"${PODS_ROOT}/Manifest.lock",
			);
			name = "[CP] Check Pods Manifest.lock";
			outputFileListPaths = (
			);
			outputPaths = (
				"$(DERIVED_FILE_DIR)/Pods-Product ViewerTests-checkManifestLockResult.txt",
			);
			runOnlyForDeploymentPostprocessing = 0;
			shellPath = /bin/sh;
			shellScript = "diff \"${PODS_PODFILE_DIR_PATH}/Podfile.lock\" \"${PODS_ROOT}/Manifest.lock\" > /dev/null\nif [ $? != 0 ] ; then\n    # print error to STDERR\n    echo \"error: The sandbox is not in sync with the Podfile.lock. Run 'pod install' or update your CocoaPods installation.\" >&2\n    exit 1\nfi\n# This output is used by Xcode 'outputs' to avoid re-running this script phase.\necho \"SUCCESS\" > \"${SCRIPT_OUTPUT_FILE_0}\"\n";
			showEnvVarsInLog = 0;
		};
/* End PBXShellScriptBuildPhase section */

/* Begin PBXSourcesBuildPhase section */
		44B0A30E2A68416C00BC1FAF /* Sources */ = {
			isa = PBXSourcesBuildPhase;
			buildActionMask = 2147483647;
			files = (
				448532EA2A6A221D00435239 /* ProductDetailsViewModel.swift in Sources */,
				44B0A3202A68416C00BC1FAF /* Product_Viewer.xcdatamodeld in Sources */,
				44B0A3552A684DA300BC1FAF /* ProductsViewModel.swift in Sources */,
				44B0A34E2A68455500BC1FAF /* ProductCellTableViewCell.swift in Sources */,
				44B0A3162A68416C00BC1FAF /* AppDelegate.swift in Sources */,
				44B0A3182A68416C00BC1FAF /* SceneDelegate.swift in Sources */,
				44C90D432A6CBA9800E283ED /* ProductsViewController.swift in Sources */,
				447F64362A6ABCC800F64F29 /* ProductsCoreData.swift in Sources */,
				44C0971B2A6998C700AD139D /* ProductDetailsViewController.swift in Sources */,
				44862F282A6AEF1400509C6E /* CheckNetwork.swift in Sources */,
				44B0A3512A684AF200BC1FAF /* Product.swift in Sources */,
				44B0A3532A684D0600BC1FAF /* NetworkService.swift in Sources */,
			);
			runOnlyForDeploymentPostprocessing = 0;
		};
		44B0A3272A68416F00BC1FAF /* Sources */ = {
			isa = PBXSourcesBuildPhase;
			buildActionMask = 2147483647;
			files = (
				44B0A3302A68416F00BC1FAF /* Product_ViewerTests.swift in Sources */,
			);
			runOnlyForDeploymentPostprocessing = 0;
		};
		44B0A3312A68416F00BC1FAF /* Sources */ = {
			isa = PBXSourcesBuildPhase;
			buildActionMask = 2147483647;
			files = (
				44B0A33C2A68416F00BC1FAF /* Product_ViewerUITestsLaunchTests.swift in Sources */,
				44B0A33A2A68416F00BC1FAF /* Product_ViewerUITests.swift in Sources */,
			);
			runOnlyForDeploymentPostprocessing = 0;
		};
/* End PBXSourcesBuildPhase section */

/* Begin PBXTargetDependency section */
		44B0A32D2A68416F00BC1FAF /* PBXTargetDependency */ = {
			isa = PBXTargetDependency;
			target = 44B0A3112A68416C00BC1FAF /* Product Viewer */;
			targetProxy = 44B0A32C2A68416F00BC1FAF /* PBXContainerItemProxy */;
		};
		44B0A3372A68416F00BC1FAF /* PBXTargetDependency */ = {
			isa = PBXTargetDependency;
			target = 44B0A3112A68416C00BC1FAF /* Product Viewer */;
			targetProxy = 44B0A3362A68416F00BC1FAF /* PBXContainerItemProxy */;
		};
/* End PBXTargetDependency section */

/* Begin PBXVariantGroup section */
		44B0A31B2A68416C00BC1FAF /* Main.storyboard */ = {
			isa = PBXVariantGroup;
			children = (
				44B0A31C2A68416C00BC1FAF /* Base */,
			);
			name = Main.storyboard;
			sourceTree = "<group>";
		};
		44B0A3232A68416E00BC1FAF /* LaunchScreen.storyboard */ = {
			isa = PBXVariantGroup;
			children = (
				44B0A3242A68416E00BC1FAF /* Base */,
			);
			name = LaunchScreen.storyboard;
			sourceTree = "<group>";
		};
/* End PBXVariantGroup section */

/* Begin XCBuildConfiguration section */
		44B0A33D2A68416F00BC1FAF /* Debug */ = {
			isa = XCBuildConfiguration;
			buildSettings = {
				ALWAYS_SEARCH_USER_PATHS = NO;
				CLANG_ANALYZER_NONNULL = YES;
				CLANG_ANALYZER_NUMBER_OBJECT_CONVERSION = YES_AGGRESSIVE;
				CLANG_CXX_LANGUAGE_STANDARD = "gnu++20";
				CLANG_ENABLE_MODULES = YES;
				CLANG_ENABLE_OBJC_ARC = YES;
				CLANG_ENABLE_OBJC_WEAK = YES;
				CLANG_WARN_BLOCK_CAPTURE_AUTORELEASING = YES;
				CLANG_WARN_BOOL_CONVERSION = YES;
				CLANG_WARN_COMMA = YES;
				CLANG_WARN_CONSTANT_CONVERSION = YES;
				CLANG_WARN_DEPRECATED_OBJC_IMPLEMENTATIONS = YES;
				CLANG_WARN_DIRECT_OBJC_ISA_USAGE = YES_ERROR;
				CLANG_WARN_DOCUMENTATION_COMMENTS = YES;
				CLANG_WARN_EMPTY_BODY = YES;
				CLANG_WARN_ENUM_CONVERSION = YES;
				CLANG_WARN_INFINITE_RECURSION = YES;
				CLANG_WARN_INT_CONVERSION = YES;
				CLANG_WARN_NON_LITERAL_NULL_CONVERSION = YES;
				CLANG_WARN_OBJC_IMPLICIT_RETAIN_SELF = YES;
				CLANG_WARN_OBJC_LITERAL_CONVERSION = YES;
				CLANG_WARN_OBJC_ROOT_CLASS = YES_ERROR;
				CLANG_WARN_QUOTED_INCLUDE_IN_FRAMEWORK_HEADER = YES;
				CLANG_WARN_RANGE_LOOP_ANALYSIS = YES;
				CLANG_WARN_STRICT_PROTOTYPES = YES;
				CLANG_WARN_SUSPICIOUS_MOVE = YES;
				CLANG_WARN_UNGUARDED_AVAILABILITY = YES_AGGRESSIVE;
				CLANG_WARN_UNREACHABLE_CODE = YES;
				CLANG_WARN__DUPLICATE_METHOD_MATCH = YES;
				COPY_PHASE_STRIP = NO;
				DEBUG_INFORMATION_FORMAT = dwarf;
				ENABLE_STRICT_OBJC_MSGSEND = YES;
				ENABLE_TESTABILITY = YES;
				GCC_C_LANGUAGE_STANDARD = gnu11;
				GCC_DYNAMIC_NO_PIC = NO;
				GCC_NO_COMMON_BLOCKS = YES;
				GCC_OPTIMIZATION_LEVEL = 0;
				GCC_PREPROCESSOR_DEFINITIONS = (
					"DEBUG=1",
					"$(inherited)",
				);
				GCC_WARN_64_TO_32_BIT_CONVERSION = YES;
				GCC_WARN_ABOUT_RETURN_TYPE = YES_ERROR;
				GCC_WARN_UNDECLARED_SELECTOR = YES;
				GCC_WARN_UNINITIALIZED_AUTOS = YES_AGGRESSIVE;
				GCC_WARN_UNUSED_FUNCTION = YES;
				GCC_WARN_UNUSED_VARIABLE = YES;
				IPHONEOS_DEPLOYMENT_TARGET = 16.4;
				MTL_ENABLE_DEBUG_INFO = INCLUDE_SOURCE;
				MTL_FAST_MATH = YES;
				ONLY_ACTIVE_ARCH = YES;
				SDKROOT = iphoneos;
				SWIFT_ACTIVE_COMPILATION_CONDITIONS = DEBUG;
				SWIFT_OPTIMIZATION_LEVEL = "-Onone";
			};
			name = Debug;
		};
		44B0A33E2A68416F00BC1FAF /* Release */ = {
			isa = XCBuildConfiguration;
			buildSettings = {
				ALWAYS_SEARCH_USER_PATHS = NO;
				CLANG_ANALYZER_NONNULL = YES;
				CLANG_ANALYZER_NUMBER_OBJECT_CONVERSION = YES_AGGRESSIVE;
				CLANG_CXX_LANGUAGE_STANDARD = "gnu++20";
				CLANG_ENABLE_MODULES = YES;
				CLANG_ENABLE_OBJC_ARC = YES;
				CLANG_ENABLE_OBJC_WEAK = YES;
				CLANG_WARN_BLOCK_CAPTURE_AUTORELEASING = YES;
				CLANG_WARN_BOOL_CONVERSION = YES;
				CLANG_WARN_COMMA = YES;
				CLANG_WARN_CONSTANT_CONVERSION = YES;
				CLANG_WARN_DEPRECATED_OBJC_IMPLEMENTATIONS = YES;
				CLANG_WARN_DIRECT_OBJC_ISA_USAGE = YES_ERROR;
				CLANG_WARN_DOCUMENTATION_COMMENTS = YES;
				CLANG_WARN_EMPTY_BODY = YES;
				CLANG_WARN_ENUM_CONVERSION = YES;
				CLANG_WARN_INFINITE_RECURSION = YES;
				CLANG_WARN_INT_CONVERSION = YES;
				CLANG_WARN_NON_LITERAL_NULL_CONVERSION = YES;
				CLANG_WARN_OBJC_IMPLICIT_RETAIN_SELF = YES;
				CLANG_WARN_OBJC_LITERAL_CONVERSION = YES;
				CLANG_WARN_OBJC_ROOT_CLASS = YES_ERROR;
				CLANG_WARN_QUOTED_INCLUDE_IN_FRAMEWORK_HEADER = YES;
				CLANG_WARN_RANGE_LOOP_ANALYSIS = YES;
				CLANG_WARN_STRICT_PROTOTYPES = YES;
				CLANG_WARN_SUSPICIOUS_MOVE = YES;
				CLANG_WARN_UNGUARDED_AVAILABILITY = YES_AGGRESSIVE;
				CLANG_WARN_UNREACHABLE_CODE = YES;
				CLANG_WARN__DUPLICATE_METHOD_MATCH = YES;
				COPY_PHASE_STRIP = NO;
				DEBUG_INFORMATION_FORMAT = "dwarf-with-dsym";
				ENABLE_NS_ASSERTIONS = NO;
				ENABLE_STRICT_OBJC_MSGSEND = YES;
				GCC_C_LANGUAGE_STANDARD = gnu11;
				GCC_NO_COMMON_BLOCKS = YES;
				GCC_WARN_64_TO_32_BIT_CONVERSION = YES;
				GCC_WARN_ABOUT_RETURN_TYPE = YES_ERROR;
				GCC_WARN_UNDECLARED_SELECTOR = YES;
				GCC_WARN_UNINITIALIZED_AUTOS = YES_AGGRESSIVE;
				GCC_WARN_UNUSED_FUNCTION = YES;
				GCC_WARN_UNUSED_VARIABLE = YES;
				IPHONEOS_DEPLOYMENT_TARGET = 16.4;
				MTL_ENABLE_DEBUG_INFO = NO;
				MTL_FAST_MATH = YES;
				SDKROOT = iphoneos;
				SWIFT_COMPILATION_MODE = wholemodule;
				SWIFT_OPTIMIZATION_LEVEL = "-O";
				VALIDATE_PRODUCT = YES;
			};
			name = Release;
		};
		44B0A3402A68416F00BC1FAF /* Debug */ = {
			isa = XCBuildConfiguration;
			baseConfigurationReference = 2E983D8B8034A7BB0AAC5337 /* Pods-Product Viewer.debug.xcconfig */;
			buildSettings = {
				ASSETCATALOG_COMPILER_APPICON_NAME = AppIcon;
				ASSETCATALOG_COMPILER_GLOBAL_ACCENT_COLOR_NAME = AccentColor;
				CODE_SIGN_STYLE = Automatic;
				CURRENT_PROJECT_VERSION = 1;
				DEVELOPMENT_TEAM = 8H2679RM7P;
				GENERATE_INFOPLIST_FILE = YES;
				INFOPLIST_FILE = "Product Viewer/Info.plist";
				INFOPLIST_KEY_UIApplicationSupportsIndirectInputEvents = YES;
				INFOPLIST_KEY_UILaunchStoryboardName = LaunchScreen;
				INFOPLIST_KEY_UIMainStoryboardFile = Main;
				INFOPLIST_KEY_UIStatusBarStyle = "";
				INFOPLIST_KEY_UISupportedInterfaceOrientations_iPad = "UIInterfaceOrientationPortrait UIInterfaceOrientationPortraitUpsideDown UIInterfaceOrientationLandscapeLeft UIInterfaceOrientationLandscapeRight";
				INFOPLIST_KEY_UISupportedInterfaceOrientations_iPhone = "UIInterfaceOrientationPortrait UIInterfaceOrientationLandscapeLeft UIInterfaceOrientationLandscapeRight";
				LD_RUNPATH_SEARCH_PATHS = (
					"$(inherited)",
					"@executable_path/Frameworks",
				);
				MARKETING_VERSION = 1.0;
				PRODUCT_BUNDLE_IDENTIFIER = "mariam.Product-Viewer";
				PRODUCT_NAME = "$(TARGET_NAME)";
				SWIFT_EMIT_LOC_STRINGS = YES;
				SWIFT_VERSION = 5.0;
				TARGETED_DEVICE_FAMILY = "1,2";
			};
			name = Debug;
		};
		44B0A3412A68416F00BC1FAF /* Release */ = {
			isa = XCBuildConfiguration;
			baseConfigurationReference = 35ED8282125966F3EFF2414D /* Pods-Product Viewer.release.xcconfig */;
			buildSettings = {
				ASSETCATALOG_COMPILER_APPICON_NAME = AppIcon;
				ASSETCATALOG_COMPILER_GLOBAL_ACCENT_COLOR_NAME = AccentColor;
				CODE_SIGN_STYLE = Automatic;
				CURRENT_PROJECT_VERSION = 1;
				DEVELOPMENT_TEAM = 8H2679RM7P;
				GENERATE_INFOPLIST_FILE = YES;
				INFOPLIST_FILE = "Product Viewer/Info.plist";
				INFOPLIST_KEY_UIApplicationSupportsIndirectInputEvents = YES;
				INFOPLIST_KEY_UILaunchStoryboardName = LaunchScreen;
				INFOPLIST_KEY_UIMainStoryboardFile = Main;
				INFOPLIST_KEY_UIStatusBarStyle = "";
				INFOPLIST_KEY_UISupportedInterfaceOrientations_iPad = "UIInterfaceOrientationPortrait UIInterfaceOrientationPortraitUpsideDown UIInterfaceOrientationLandscapeLeft UIInterfaceOrientationLandscapeRight";
				INFOPLIST_KEY_UISupportedInterfaceOrientations_iPhone = "UIInterfaceOrientationPortrait UIInterfaceOrientationLandscapeLeft UIInterfaceOrientationLandscapeRight";
				LD_RUNPATH_SEARCH_PATHS = (
					"$(inherited)",
					"@executable_path/Frameworks",
				);
				MARKETING_VERSION = 1.0;
				PRODUCT_BUNDLE_IDENTIFIER = "mariam.Product-Viewer";
				PRODUCT_NAME = "$(TARGET_NAME)";
				SWIFT_EMIT_LOC_STRINGS = YES;
				SWIFT_VERSION = 5.0;
				TARGETED_DEVICE_FAMILY = "1,2";
			};
			name = Release;
		};
		44B0A3432A68416F00BC1FAF /* Debug */ = {
			isa = XCBuildConfiguration;
			baseConfigurationReference = A2BD792A08001EC6573F74C3 /* Pods-Product ViewerTests.debug.xcconfig */;
			buildSettings = {
				ALWAYS_EMBED_SWIFT_STANDARD_LIBRARIES = YES;
				BUNDLE_LOADER = "$(TEST_HOST)";
				CODE_SIGN_STYLE = Automatic;
				CURRENT_PROJECT_VERSION = 1;
				DEVELOPMENT_TEAM = 8H2679RM7P;
				GENERATE_INFOPLIST_FILE = YES;
				IPHONEOS_DEPLOYMENT_TARGET = 16.4;
				MARKETING_VERSION = 1.0;
				PRODUCT_BUNDLE_IDENTIFIER = "mariam.Product-ViewerTests";
				PRODUCT_NAME = "$(TARGET_NAME)";
				SWIFT_EMIT_LOC_STRINGS = NO;
				SWIFT_VERSION = 5.0;
				TARGETED_DEVICE_FAMILY = "1,2";
				TEST_HOST = "$(BUILT_PRODUCTS_DIR)/Product Viewer.app/$(BUNDLE_EXECUTABLE_FOLDER_PATH)/Product Viewer";
			};
			name = Debug;
		};
		44B0A3442A68416F00BC1FAF /* Release */ = {
			isa = XCBuildConfiguration;
			baseConfigurationReference = 72CD1DA5FE3685DA48B0896D /* Pods-Product ViewerTests.release.xcconfig */;
			buildSettings = {
				ALWAYS_EMBED_SWIFT_STANDARD_LIBRARIES = YES;
				BUNDLE_LOADER = "$(TEST_HOST)";
				CODE_SIGN_STYLE = Automatic;
				CURRENT_PROJECT_VERSION = 1;
				DEVELOPMENT_TEAM = 8H2679RM7P;
				GENERATE_INFOPLIST_FILE = YES;
				IPHONEOS_DEPLOYMENT_TARGET = 16.4;
				MARKETING_VERSION = 1.0;
				PRODUCT_BUNDLE_IDENTIFIER = "mariam.Product-ViewerTests";
				PRODUCT_NAME = "$(TARGET_NAME)";
				SWIFT_EMIT_LOC_STRINGS = NO;
				SWIFT_VERSION = 5.0;
				TARGETED_DEVICE_FAMILY = "1,2";
				TEST_HOST = "$(BUILT_PRODUCTS_DIR)/Product Viewer.app/$(BUNDLE_EXECUTABLE_FOLDER_PATH)/Product Viewer";
			};
			name = Release;
		};
		44B0A3462A68416F00BC1FAF /* Debug */ = {
			isa = XCBuildConfiguration;
			baseConfigurationReference = F6A638E7FD7BCD01EFD71FDE /* Pods-Product Viewer-Product ViewerUITests.debug.xcconfig */;
			buildSettings = {
				ALWAYS_EMBED_SWIFT_STANDARD_LIBRARIES = YES;
				CODE_SIGN_STYLE = Automatic;
				CURRENT_PROJECT_VERSION = 1;
				DEVELOPMENT_TEAM = 8H2679RM7P;
				GENERATE_INFOPLIST_FILE = YES;
				MARKETING_VERSION = 1.0;
				PRODUCT_BUNDLE_IDENTIFIER = "mariam.Product-ViewerUITests";
				PRODUCT_NAME = "$(TARGET_NAME)";
				SWIFT_EMIT_LOC_STRINGS = NO;
				SWIFT_VERSION = 5.0;
				TARGETED_DEVICE_FAMILY = "1,2";
				TEST_TARGET_NAME = "Product Viewer";
			};
			name = Debug;
		};
		44B0A3472A68416F00BC1FAF /* Release */ = {
			isa = XCBuildConfiguration;
			baseConfigurationReference = 84E0D6AC95D77F78954CDD7D /* Pods-Product Viewer-Product ViewerUITests.release.xcconfig */;
			buildSettings = {
				ALWAYS_EMBED_SWIFT_STANDARD_LIBRARIES = YES;
				CODE_SIGN_STYLE = Automatic;
				CURRENT_PROJECT_VERSION = 1;
				DEVELOPMENT_TEAM = 8H2679RM7P;
				GENERATE_INFOPLIST_FILE = YES;
				MARKETING_VERSION = 1.0;
				PRODUCT_BUNDLE_IDENTIFIER = "mariam.Product-ViewerUITests";
				PRODUCT_NAME = "$(TARGET_NAME)";
				SWIFT_EMIT_LOC_STRINGS = NO;
				SWIFT_VERSION = 5.0;
				TARGETED_DEVICE_FAMILY = "1,2";
				TEST_TARGET_NAME = "Product Viewer";
			};
			name = Release;
		};
/* End XCBuildConfiguration section */

/* Begin XCConfigurationList section */
		44B0A30D2A68416C00BC1FAF /* Build configuration list for PBXProject "Product Viewer" */ = {
			isa = XCConfigurationList;
			buildConfigurations = (
				44B0A33D2A68416F00BC1FAF /* Debug */,
				44B0A33E2A68416F00BC1FAF /* Release */,
			);
			defaultConfigurationIsVisible = 0;
			defaultConfigurationName = Release;
		};
		44B0A33F2A68416F00BC1FAF /* Build configuration list for PBXNativeTarget "Product Viewer" */ = {
			isa = XCConfigurationList;
			buildConfigurations = (
				44B0A3402A68416F00BC1FAF /* Debug */,
				44B0A3412A68416F00BC1FAF /* Release */,
			);
			defaultConfigurationIsVisible = 0;
			defaultConfigurationName = Release;
		};
		44B0A3422A68416F00BC1FAF /* Build configuration list for PBXNativeTarget "Product ViewerTests" */ = {
			isa = XCConfigurationList;
			buildConfigurations = (
				44B0A3432A68416F00BC1FAF /* Debug */,
				44B0A3442A68416F00BC1FAF /* Release */,
			);
			defaultConfigurationIsVisible = 0;
			defaultConfigurationName = Release;
		};
		44B0A3452A68416F00BC1FAF /* Build configuration list for PBXNativeTarget "Product ViewerUITests" */ = {
			isa = XCConfigurationList;
			buildConfigurations = (
				44B0A3462A68416F00BC1FAF /* Debug */,
				44B0A3472A68416F00BC1FAF /* Release */,
			);
			defaultConfigurationIsVisible = 0;
			defaultConfigurationName = Release;
		};
/* End XCConfigurationList section */

/* Begin XCVersionGroup section */
		44B0A31E2A68416C00BC1FAF /* Product_Viewer.xcdatamodeld */ = {
			isa = XCVersionGroup;
			children = (
				44B0A31F2A68416C00BC1FAF /* Product_Viewer.xcdatamodel */,
			);
			currentVersion = 44B0A31F2A68416C00BC1FAF /* Product_Viewer.xcdatamodel */;
			path = Product_Viewer.xcdatamodeld;
			sourceTree = "<group>";
			versionGroupType = wrapper.xcdatamodel;
		};
/* End XCVersionGroup section */
	};
	rootObject = 44B0A30A2A68416C00BC1FAF /* Project object */;
}
